
Microsoft Visual Studio Solution File, Format Version 12.00
# Visual Studio Version 17
VisualStudioVersion = 17.8.34511.84
MinimumVisualStudioVersion = 10.0.40219.1
Project("{FAE04EC0-301F-11D3-BF4B-00C04F79EFBC}") = "SchoolWebApp", "SchoolWebApp\SchoolWebApp.csproj", "{A1B09669-705C-4DCF-871F-5B2EC8B20470}"
EndProject
Global
	GlobalSection(SolutionConfigurationPlatforms) = preSolution
		Debug|Any CPU = Debug|Any CPU
		Release|Any CPU = Release|Any CPU
	EndGlobalSection
	GlobalSection(ProjectConfigurationPlatforms) = postSolution
		{A1B09669-705C-4DCF-871F-5B2EC8B20470}.Debug|Any CPU.ActiveCfg = Debug|Any CPU
		{A1B09669-705C-4DCF-871F-5B2EC8B20470}.Debug|Any CPU.Build.0 = Debug|Any CPU
		{A1B09669-705C-4DCF-871F-5B2EC8B20470}.Release|Any CPU.ActiveCfg = Release|Any CPU
		{A1B09669-705C-4DCF-871F-5B2EC8B20470}.Release|Any CPU.Build.0 = Release|Any CPU
	EndGlobalSection
	GlobalSection(SolutionProperties) = preSolution
		HideSolutionNode = FALSE
	EndGlobalSection
	GlobalSection(ExtensibilityGlobals) = postSolution
		SolutionGuid = {A641B72B-C86C-47A2-BEA7-F4CC21357885}
	EndGlobalSection
EndGlobal
